
Microsoft Visual Studio Solution File, Format Version 12.00
# Visual Studio 14
VisualStudioVersion = 14.0.23107.0
MinimumVisualStudioVersion = 10.0.40219.1
Project("{FAE04EC0-301F-11D3-BF4B-00C04F79EFBC}") = "DataEntryWebForm", "DataEntryWebForm\DataEntryWebForm.csproj", "{AD53A290-033C-4C01-8DC2-85EBB710DFB6}"
EndProject
Project("{FAE04EC0-301F-11D3-BF4B-00C04F79EFBC}") = "DataEntry.Storage", "DataEntry.Storage\DataEntry.Storage.csproj", "{21CF40A8-01DC-4DD3-87EC-31A729FECC66}"
EndProject
Global
	GlobalSection(SolutionConfigurationPlatforms) = preSolution
		Debug|Any CPU = Debug|Any CPU
		Release|Any CPU = Release|Any CPU
	EndGlobalSection
	GlobalSection(ProjectConfigurationPlatforms) = postSolution
		{AD53A290-033C-4C01-8DC2-85EBB710DFB6}.Debug|Any CPU.ActiveCfg = Debug|Any CPU
		{AD53A290-033C-4C01-8DC2-85EBB710DFB6}.Debug|Any CPU.Build.0 = Debug|Any CPU
		{AD53A290-033C-4C01-8DC2-85EBB710DFB6}.Release|Any CPU.ActiveCfg = Release|Any CPU
		{AD53A290-033C-4C01-8DC2-85EBB710DFB6}.Release|Any CPU.Build.0 = Release|Any CPU
		{21CF40A8-01DC-4DD3-87EC-31A729FECC66}.Debug|Any CPU.ActiveCfg = Debug|Any CPU
		{21CF40A8-01DC-4DD3-87EC-31A729FECC66}.Debug|Any CPU.Build.0 = Debug|Any CPU
		{21CF40A8-01DC-4DD3-87EC-31A729FECC66}.Release|Any CPU.ActiveCfg = Release|Any CPU
		{21CF40A8-01DC-4DD3-87EC-31A729FECC66}.Release|Any CPU.Build.0 = Release|Any CPU
	EndGlobalSection
	GlobalSection(SolutionProperties) = preSolution
		HideSolutionNode = FALSE
	EndGlobalSection
EndGlobal
